
Microsoft Visual Studio Solution File, Format Version 12.00
# Visual Studio 14
VisualStudioVersion = 14.0.25420.1
MinimumVisualStudioVersion = 10.0.40219.1
Project("{FAE04EC0-301F-11D3-BF4B-00C04F79EFBC}") = "Kagura.Terminal.Sockets", "Kagura.Terminal.Sockets\Kagura.Terminal.Sockets.csproj", "{42CF1646-ADC6-4988-9477-3BE696108711}"
EndProject
Project("{FAE04EC0-301F-11D3-BF4B-00C04F79EFBC}") = "Kagura.Terminal.Base", "Kagura.Terminal.Base\Kagura.Terminal.Base.csproj", "{5B0F8597-CC89-46E2-BF2D-B4772B7F454F}"
EndProject
Project("{FAE04EC0-301F-11D3-BF4B-00C04F79EFBC}") = "Kagura.Terminal.Client", "Kagura.Terminal.Client\Kagura.Terminal.Client.csproj", "{6DD46C6E-E3B3-4F5A-BEA0-E03893A1CEE4}"
EndProject
Project("{FAE04EC0-301F-11D3-BF4B-00C04F79EFBC}") = "Kagura.Terminal.Controls", "Kagura.Terminal.Controls\Kagura.Terminal.Controls.csproj", "{E7DE3287-F5F2-4A1C-A6E0-A3B9E064ADBD}"
EndProject
Project("{FAE04EC0-301F-11D3-BF4B-00C04F79EFBC}") = "Kagura.Terminal.Parser", "Kagura.Terminal.Parser\Kagura.Terminal.Parser.csproj", "{7909EA37-1524-415A-9CB8-DBE3274F4152}"
EndProject
Global
	GlobalSection(SolutionConfigurationPlatforms) = preSolution
		Debug|Any CPU = Debug|Any CPU
		Release|Any CPU = Release|Any CPU
	EndGlobalSection
	GlobalSection(ProjectConfigurationPlatforms) = postSolution
		{42CF1646-ADC6-4988-9477-3BE696108711}.Debug|Any CPU.ActiveCfg = Debug|Any CPU
		{42CF1646-ADC6-4988-9477-3BE696108711}.Debug|Any CPU.Build.0 = Debug|Any CPU
		{42CF1646-ADC6-4988-9477-3BE696108711}.Release|Any CPU.ActiveCfg = Release|Any CPU
		{42CF1646-ADC6-4988-9477-3BE696108711}.Release|Any CPU.Build.0 = Release|Any CPU
		{5B0F8597-CC89-46E2-BF2D-B4772B7F454F}.Debug|Any CPU.ActiveCfg = Debug|Any CPU
		{5B0F8597-CC89-46E2-BF2D-B4772B7F454F}.Debug|Any CPU.Build.0 = Debug|Any CPU
		{5B0F8597-CC89-46E2-BF2D-B4772B7F454F}.Release|Any CPU.ActiveCfg = Release|Any CPU
		{5B0F8597-CC89-46E2-BF2D-B4772B7F454F}.Release|Any CPU.Build.0 = Release|Any CPU
		{6DD46C6E-E3B3-4F5A-BEA0-E03893A1CEE4}.Debug|Any CPU.ActiveCfg = Debug|Any CPU
		{6DD46C6E-E3B3-4F5A-BEA0-E03893A1CEE4}.Debug|Any CPU.Build.0 = Debug|Any CPU
		{6DD46C6E-E3B3-4F5A-BEA0-E03893A1CEE4}.Release|Any CPU.ActiveCfg = Release|Any CPU
		{6DD46C6E-E3B3-4F5A-BEA0-E03893A1CEE4}.Release|Any CPU.Build.0 = Release|Any CPU
		{E7DE3287-F5F2-4A1C-A6E0-A3B9E064ADBD}.Debug|Any CPU.ActiveCfg = Debug|Any CPU
		{E7DE3287-F5F2-4A1C-A6E0-A3B9E064ADBD}.Debug|Any CPU.Build.0 = Debug|Any CPU
		{E7DE3287-F5F2-4A1C-A6E0-A3B9E064ADBD}.Release|Any CPU.ActiveCfg = Release|Any CPU
		{E7DE3287-F5F2-4A1C-A6E0-A3B9E064ADBD}.Release|Any CPU.Build.0 = Release|Any CPU
		{7909EA37-1524-415A-9CB8-DBE3274F4152}.Debug|Any CPU.ActiveCfg = Debug|Any CPU
		{7909EA37-1524-415A-9CB8-DBE3274F4152}.Debug|Any CPU.Build.0 = Debug|Any CPU
		{7909EA37-1524-415A-9CB8-DBE3274F4152}.Release|Any CPU.ActiveCfg = Release|Any CPU
		{7909EA37-1524-415A-9CB8-DBE3274F4152}.Release|Any CPU.Build.0 = Release|Any CPU
	EndGlobalSection
	GlobalSection(SolutionProperties) = preSolution
		HideSolutionNode = FALSE
	EndGlobalSection
EndGlobal
