
Microsoft Visual Studio Solution File, Format Version 12.00
# Visual Studio Version 17
VisualStudioVersion = 17.2.32526.322
MinimumVisualStudioVersion = 10.0.40219.1
Project("{9A19103F-16F7-4668-BE54-9A1E7A4F7556}") = "ModengTerm", "ModengTerm\ModengTerm.csproj", "{6AE72034-0FA1-4C5D-BF79-BE1541242323}"
EndProject
Project("{9A19103F-16F7-4668-BE54-9A1E7A4F7556}") = "ModengTerm.Base", "ModengTerm.Base\ModengTerm.Base.csproj", "{4BFFF86C-6F63-4993-B8A6-D23D437C22D9}"
EndProject
Project("{9A19103F-16F7-4668-BE54-9A1E7A4F7556}") = "ModengTerm.Terminal", "ModengTerm.Terminal\ModengTerm.Terminal.csproj", "{688F4BCA-BD97-4B87-BD6A-539A2274B1E8}"
EndProject
Project("{9A19103F-16F7-4668-BE54-9A1E7A4F7556}") = "Renci.SshNet", "Renci.SshNet\Renci.SshNet.csproj", "{A9EFB1A5-16CD-4509-8D3D-4B2F118B944A}"
EndProject
Project("{8BC9CEB8-8B4A-11D0-8D11-00A0C91BC942}") = "vttest", "vttest\vttest.vcxproj", "{0D13BE4B-B31A-426D-A4BE-DFE0526ECEE0}"
EndProject
Project("{9A19103F-16F7-4668-BE54-9A1E7A4F7556}") = "ModengTerm.Document", "ModengTerm.Document\ModengTerm.Document.csproj", "{91C6343D-783C-4160-8686-4C8F69087DB6}"
EndProject
Project("{2150E333-8FDC-42A3-9474-1A3956D46DE8}") = "Document", "Document", "{25813942-B527-42C0-BE53-B77DC073B289}"
EndProject
Project("{8BC9CEB8-8B4A-11D0-8D11-00A0C91BC942}") = "libvt", "libvt\msvc\libvt.vcxproj", "{1B6D921B-2406-43FB-9DE5-6D9CBCA166D5}"
EndProject
Project("{8BC9CEB8-8B4A-11D0-8D11-00A0C91BC942}") = "winpty", "winpty\msvc\winpty.vcxproj", "{59478DFF-866C-4F7C-9A13-FDCD5D199158}"
EndProject
Project("{9A19103F-16F7-4668-BE54-9A1E7A4F7556}") = "ModengTerm.UnitTest", "ModengTerm.UnitTest\ModengTerm.UnitTest.csproj", "{C18FAFF7-3C63-4F1F-903E-25857C4F433E}"
EndProject
Project("{9A19103F-16F7-4668-BE54-9A1E7A4F7556}") = "ModengTerm.Addon", "ModengTerm.Addon\ModengTerm.Addon.csproj", "{D3F03F6D-F822-481D-A09C-73A7A8A087E6}"
EndProject
Project("{9A19103F-16F7-4668-BE54-9A1E7A4F7556}") = "ModengTerm.Controls", "ModengTerm.Controls\ModengTerm.Controls.csproj", "{17471BEE-F0A3-414E-AE88-C9580CAF8369}"
EndProject
Project("{9A19103F-16F7-4668-BE54-9A1E7A4F7556}") = "ModengTerm.FileTrans", "ModengTerm.FileTrans\ModengTerm.FileTrans.csproj", "{0960E1D5-5B4B-4492-BC62-EF5CC79115C9}"
EndProject
Global
	GlobalSection(SolutionConfigurationPlatforms) = preSolution
		Debug|Any CPU = Debug|Any CPU
		Debug|x64 = Debug|x64
		Debug|x86 = Debug|x86
		Release|Any CPU = Release|Any CPU
		Release|x64 = Release|x64
		Release|x86 = Release|x86
	EndGlobalSection
	GlobalSection(ProjectConfigurationPlatforms) = postSolution
		{6AE72034-0FA1-4C5D-BF79-BE1541242323}.Debug|Any CPU.ActiveCfg = Debug|Any CPU
		{6AE72034-0FA1-4C5D-BF79-BE1541242323}.Debug|Any CPU.Build.0 = Debug|Any CPU
		{6AE72034-0FA1-4C5D-BF79-BE1541242323}.Debug|x64.ActiveCfg = Debug|Any CPU
		{6AE72034-0FA1-4C5D-BF79-BE1541242323}.Debug|x64.Build.0 = Debug|Any CPU
		{6AE72034-0FA1-4C5D-BF79-BE1541242323}.Debug|x86.ActiveCfg = Debug|Any CPU
		{6AE72034-0FA1-4C5D-BF79-BE1541242323}.Debug|x86.Build.0 = Debug|Any CPU
		{6AE72034-0FA1-4C5D-BF79-BE1541242323}.Release|Any CPU.ActiveCfg = Release|Any CPU
		{6AE72034-0FA1-4C5D-BF79-BE1541242323}.Release|Any CPU.Build.0 = Release|Any CPU
		{6AE72034-0FA1-4C5D-BF79-BE1541242323}.Release|x64.ActiveCfg = Release|Any CPU
		{6AE72034-0FA1-4C5D-BF79-BE1541242323}.Release|x64.Build.0 = Release|Any CPU
		{6AE72034-0FA1-4C5D-BF79-BE1541242323}.Release|x86.ActiveCfg = Release|Any CPU
		{6AE72034-0FA1-4C5D-BF79-BE1541242323}.Release|x86.Build.0 = Release|Any CPU
		{4BFFF86C-6F63-4993-B8A6-D23D437C22D9}.Debug|Any CPU.ActiveCfg = Debug|Any CPU
		{4BFFF86C-6F63-4993-B8A6-D23D437C22D9}.Debug|Any CPU.Build.0 = Debug|Any CPU
		{4BFFF86C-6F63-4993-B8A6-D23D437C22D9}.Debug|x64.ActiveCfg = Debug|Any CPU
		{4BFFF86C-6F63-4993-B8A6-D23D437C22D9}.Debug|x64.Build.0 = Debug|Any CPU
		{4BFFF86C-6F63-4993-B8A6-D23D437C22D9}.Debug|x86.ActiveCfg = Debug|Any CPU
		{4BFFF86C-6F63-4993-B8A6-D23D437C22D9}.Debug|x86.Build.0 = Debug|Any CPU
		{4BFFF86C-6F63-4993-B8A6-D23D437C22D9}.Release|Any CPU.ActiveCfg = Release|Any CPU
		{4BFFF86C-6F63-4993-B8A6-D23D437C22D9}.Release|Any CPU.Build.0 = Release|Any CPU
		{4BFFF86C-6F63-4993-B8A6-D23D437C22D9}.Release|x64.ActiveCfg = Release|Any CPU
		{4BFFF86C-6F63-4993-B8A6-D23D437C22D9}.Release|x64.Build.0 = Release|Any CPU
		{4BFFF86C-6F63-4993-B8A6-D23D437C22D9}.Release|x86.ActiveCfg = Release|Any CPU
		{4BFFF86C-6F63-4993-B8A6-D23D437C22D9}.Release|x86.Build.0 = Release|Any CPU
		{688F4BCA-BD97-4B87-BD6A-539A2274B1E8}.Debug|Any CPU.ActiveCfg = Debug|Any CPU
		{688F4BCA-BD97-4B87-BD6A-539A2274B1E8}.Debug|Any CPU.Build.0 = Debug|Any CPU
		{688F4BCA-BD97-4B87-BD6A-539A2274B1E8}.Debug|x64.ActiveCfg = Debug|Any CPU
		{688F4BCA-BD97-4B87-BD6A-539A2274B1E8}.Debug|x64.Build.0 = Debug|Any CPU
		{688F4BCA-BD97-4B87-BD6A-539A2274B1E8}.Debug|x86.ActiveCfg = Debug|Any CPU
		{688F4BCA-BD97-4B87-BD6A-539A2274B1E8}.Debug|x86.Build.0 = Debug|Any CPU
		{688F4BCA-BD97-4B87-BD6A-539A2274B1E8}.Release|Any CPU.ActiveCfg = Release|Any CPU
		{688F4BCA-BD97-4B87-BD6A-539A2274B1E8}.Release|Any CPU.Build.0 = Release|Any CPU
		{688F4BCA-BD97-4B87-BD6A-539A2274B1E8}.Release|x64.ActiveCfg = Release|Any CPU
		{688F4BCA-BD97-4B87-BD6A-539A2274B1E8}.Release|x64.Build.0 = Release|Any CPU
		{688F4BCA-BD97-4B87-BD6A-539A2274B1E8}.Release|x86.ActiveCfg = Release|Any CPU
		{688F4BCA-BD97-4B87-BD6A-539A2274B1E8}.Release|x86.Build.0 = Release|Any CPU
		{A9EFB1A5-16CD-4509-8D3D-4B2F118B944A}.Debug|Any CPU.ActiveCfg = Debug|Any CPU
		{A9EFB1A5-16CD-4509-8D3D-4B2F118B944A}.Debug|Any CPU.Build.0 = Debug|Any CPU
		{A9EFB1A5-16CD-4509-8D3D-4B2F118B944A}.Debug|x64.ActiveCfg = Debug|Any CPU
		{A9EFB1A5-16CD-4509-8D3D-4B2F118B944A}.Debug|x64.Build.0 = Debug|Any CPU
		{A9EFB1A5-16CD-4509-8D3D-4B2F118B944A}.Debug|x86.ActiveCfg = Debug|Any CPU
		{A9EFB1A5-16CD-4509-8D3D-4B2F118B944A}.Debug|x86.Build.0 = Debug|Any CPU
		{A9EFB1A5-16CD-4509-8D3D-4B2F118B944A}.Release|Any CPU.ActiveCfg = Release|Any CPU
		{A9EFB1A5-16CD-4509-8D3D-4B2F118B944A}.Release|Any CPU.Build.0 = Release|Any CPU
		{A9EFB1A5-16CD-4509-8D3D-4B2F118B944A}.Release|x64.ActiveCfg = Release|Any CPU
		{A9EFB1A5-16CD-4509-8D3D-4B2F118B944A}.Release|x64.Build.0 = Release|Any CPU
		{A9EFB1A5-16CD-4509-8D3D-4B2F118B944A}.Release|x86.ActiveCfg = Release|Any CPU
		{A9EFB1A5-16CD-4509-8D3D-4B2F118B944A}.Release|x86.Build.0 = Release|Any CPU
		{0D13BE4B-B31A-426D-A4BE-DFE0526ECEE0}.Debug|Any CPU.ActiveCfg = Debug|x64
		{0D13BE4B-B31A-426D-A4BE-DFE0526ECEE0}.Debug|Any CPU.Build.0 = Debug|x64
		{0D13BE4B-B31A-426D-A4BE-DFE0526ECEE0}.Debug|x64.ActiveCfg = Debug|x64
		{0D13BE4B-B31A-426D-A4BE-DFE0526ECEE0}.Debug|x64.Build.0 = Debug|x64
		{0D13BE4B-B31A-426D-A4BE-DFE0526ECEE0}.Debug|x86.ActiveCfg = Debug|Win32
		{0D13BE4B-B31A-426D-A4BE-DFE0526ECEE0}.Debug|x86.Build.0 = Debug|Win32
		{0D13BE4B-B31A-426D-A4BE-DFE0526ECEE0}.Release|Any CPU.ActiveCfg = Release|x64
		{0D13BE4B-B31A-426D-A4BE-DFE0526ECEE0}.Release|Any CPU.Build.0 = Release|x64
		{0D13BE4B-B31A-426D-A4BE-DFE0526ECEE0}.Release|x64.ActiveCfg = Release|x64
		{0D13BE4B-B31A-426D-A4BE-DFE0526ECEE0}.Release|x64.Build.0 = Release|x64
		{0D13BE4B-B31A-426D-A4BE-DFE0526ECEE0}.Release|x86.ActiveCfg = Release|Win32
		{0D13BE4B-B31A-426D-A4BE-DFE0526ECEE0}.Release|x86.Build.0 = Release|Win32
		{91C6343D-783C-4160-8686-4C8F69087DB6}.Debug|Any CPU.ActiveCfg = Debug|Any CPU
		{91C6343D-783C-4160-8686-4C8F69087DB6}.Debug|Any CPU.Build.0 = Debug|Any CPU
		{91C6343D-783C-4160-8686-4C8F69087DB6}.Debug|x64.ActiveCfg = Debug|Any CPU
		{91C6343D-783C-4160-8686-4C8F69087DB6}.Debug|x64.Build.0 = Debug|Any CPU
		{91C6343D-783C-4160-8686-4C8F69087DB6}.Debug|x86.ActiveCfg = Debug|Any CPU
		{91C6343D-783C-4160-8686-4C8F69087DB6}.Debug|x86.Build.0 = Debug|Any CPU
		{91C6343D-783C-4160-8686-4C8F69087DB6}.Release|Any CPU.ActiveCfg = Release|Any CPU
		{91C6343D-783C-4160-8686-4C8F69087DB6}.Release|Any CPU.Build.0 = Release|Any CPU
		{91C6343D-783C-4160-8686-4C8F69087DB6}.Release|x64.ActiveCfg = Release|Any CPU
		{91C6343D-783C-4160-8686-4C8F69087DB6}.Release|x64.Build.0 = Release|Any CPU
		{91C6343D-783C-4160-8686-4C8F69087DB6}.Release|x86.ActiveCfg = Release|Any CPU
		{91C6343D-783C-4160-8686-4C8F69087DB6}.Release|x86.Build.0 = Release|Any CPU
		{1B6D921B-2406-43FB-9DE5-6D9CBCA166D5}.Debug|Any CPU.ActiveCfg = Debug|x64
		{1B6D921B-2406-43FB-9DE5-6D9CBCA166D5}.Debug|Any CPU.Build.0 = Debug|x64
		{1B6D921B-2406-43FB-9DE5-6D9CBCA166D5}.Debug|x64.ActiveCfg = Debug|x64
		{1B6D921B-2406-43FB-9DE5-6D9CBCA166D5}.Debug|x64.Build.0 = Debug|x64
		{1B6D921B-2406-43FB-9DE5-6D9CBCA166D5}.Debug|x86.ActiveCfg = Debug|Win32
		{1B6D921B-2406-43FB-9DE5-6D9CBCA166D5}.Debug|x86.Build.0 = Debug|Win32
		{1B6D921B-2406-43FB-9DE5-6D9CBCA166D5}.Release|Any CPU.ActiveCfg = Release|x64
		{1B6D921B-2406-43FB-9DE5-6D9CBCA166D5}.Release|Any CPU.Build.0 = Release|x64
		{1B6D921B-2406-43FB-9DE5-6D9CBCA166D5}.Release|x64.ActiveCfg = Release|x64
		{1B6D921B-2406-43FB-9DE5-6D9CBCA166D5}.Release|x64.Build.0 = Release|x64
		{1B6D921B-2406-43FB-9DE5-6D9CBCA166D5}.Release|x86.ActiveCfg = Release|Win32
		{1B6D921B-2406-43FB-9DE5-6D9CBCA166D5}.Release|x86.Build.0 = Release|Win32
		{59478DFF-866C-4F7C-9A13-FDCD5D199158}.Debug|Any CPU.ActiveCfg = Debug|x64
		{59478DFF-866C-4F7C-9A13-FDCD5D199158}.Debug|Any CPU.Build.0 = Debug|x64
		{59478DFF-866C-4F7C-9A13-FDCD5D199158}.Debug|x64.ActiveCfg = Debug|x64
		{59478DFF-866C-4F7C-9A13-FDCD5D199158}.Debug|x64.Build.0 = Debug|x64
		{59478DFF-866C-4F7C-9A13-FDCD5D199158}.Debug|x86.ActiveCfg = Debug|Win32
		{59478DFF-866C-4F7C-9A13-FDCD5D199158}.Debug|x86.Build.0 = Debug|Win32
		{59478DFF-866C-4F7C-9A13-FDCD5D199158}.Release|Any CPU.ActiveCfg = Release|x64
		{59478DFF-866C-4F7C-9A13-FDCD5D199158}.Release|Any CPU.Build.0 = Release|x64
		{59478DFF-866C-4F7C-9A13-FDCD5D199158}.Release|x64.ActiveCfg = Release|x64
		{59478DFF-866C-4F7C-9A13-FDCD5D199158}.Release|x64.Build.0 = Release|x64
		{59478DFF-866C-4F7C-9A13-FDCD5D199158}.Release|x86.ActiveCfg = Release|Win32
		{59478DFF-866C-4F7C-9A13-FDCD5D199158}.Release|x86.Build.0 = Release|Win32
		{C18FAFF7-3C63-4F1F-903E-25857C4F433E}.Debug|Any CPU.ActiveCfg = Debug|Any CPU
		{C18FAFF7-3C63-4F1F-903E-25857C4F433E}.Debug|Any CPU.Build.0 = Debug|Any CPU
		{C18FAFF7-3C63-4F1F-903E-25857C4F433E}.Debug|x64.ActiveCfg = Debug|Any CPU
		{C18FAFF7-3C63-4F1F-903E-25857C4F433E}.Debug|x64.Build.0 = Debug|Any CPU
		{C18FAFF7-3C63-4F1F-903E-25857C4F433E}.Debug|x86.ActiveCfg = Debug|Any CPU
		{C18FAFF7-3C63-4F1F-903E-25857C4F433E}.Debug|x86.Build.0 = Debug|Any CPU
		{C18FAFF7-3C63-4F1F-903E-25857C4F433E}.Release|Any CPU.ActiveCfg = Release|Any CPU
		{C18FAFF7-3C63-4F1F-903E-25857C4F433E}.Release|Any CPU.Build.0 = Release|Any CPU
		{C18FAFF7-3C63-4F1F-903E-25857C4F433E}.Release|x64.ActiveCfg = Release|Any CPU
		{C18FAFF7-3C63-4F1F-903E-25857C4F433E}.Release|x64.Build.0 = Release|Any CPU
		{C18FAFF7-3C63-4F1F-903E-25857C4F433E}.Release|x86.ActiveCfg = Release|Any CPU
		{C18FAFF7-3C63-4F1F-903E-25857C4F433E}.Release|x86.Build.0 = Release|Any CPU
		{D3F03F6D-F822-481D-A09C-73A7A8A087E6}.Debug|Any CPU.ActiveCfg = Debug|Any CPU
		{D3F03F6D-F822-481D-A09C-73A7A8A087E6}.Debug|Any CPU.Build.0 = Debug|Any CPU
		{D3F03F6D-F822-481D-A09C-73A7A8A087E6}.Debug|x64.ActiveCfg = Debug|Any CPU
		{D3F03F6D-F822-481D-A09C-73A7A8A087E6}.Debug|x64.Build.0 = Debug|Any CPU
		{D3F03F6D-F822-481D-A09C-73A7A8A087E6}.Debug|x86.ActiveCfg = Debug|Any CPU
		{D3F03F6D-F822-481D-A09C-73A7A8A087E6}.Debug|x86.Build.0 = Debug|Any CPU
		{D3F03F6D-F822-481D-A09C-73A7A8A087E6}.Release|Any CPU.ActiveCfg = Release|Any CPU
		{D3F03F6D-F822-481D-A09C-73A7A8A087E6}.Release|Any CPU.Build.0 = Release|Any CPU
		{D3F03F6D-F822-481D-A09C-73A7A8A087E6}.Release|x64.ActiveCfg = Release|Any CPU
		{D3F03F6D-F822-481D-A09C-73A7A8A087E6}.Release|x64.Build.0 = Release|Any CPU
		{D3F03F6D-F822-481D-A09C-73A7A8A087E6}.Release|x86.ActiveCfg = Release|Any CPU
		{D3F03F6D-F822-481D-A09C-73A7A8A087E6}.Release|x86.Build.0 = Release|Any CPU
		{17471BEE-F0A3-414E-AE88-C9580CAF8369}.Debug|Any CPU.ActiveCfg = Debug|Any CPU
		{17471BEE-F0A3-414E-AE88-C9580CAF8369}.Debug|Any CPU.Build.0 = Debug|Any CPU
		{17471BEE-F0A3-414E-AE88-C9580CAF8369}.Debug|x64.ActiveCfg = Debug|Any CPU
		{17471BEE-F0A3-414E-AE88-C9580CAF8369}.Debug|x64.Build.0 = Debug|Any CPU
		{17471BEE-F0A3-414E-AE88-C9580CAF8369}.Debug|x86.ActiveCfg = Debug|Any CPU
		{17471BEE-F0A3-414E-AE88-C9580CAF8369}.Debug|x86.Build.0 = Debug|Any CPU
		{17471BEE-F0A3-414E-AE88-C9580CAF8369}.Release|Any CPU.ActiveCfg = Release|Any CPU
		{17471BEE-F0A3-414E-AE88-C9580CAF8369}.Release|Any CPU.Build.0 = Release|Any CPU
		{17471BEE-F0A3-414E-AE88-C9580CAF8369}.Release|x64.ActiveCfg = Release|Any CPU
		{17471BEE-F0A3-414E-AE88-C9580CAF8369}.Release|x64.Build.0 = Release|Any CPU
		{17471BEE-F0A3-414E-AE88-C9580CAF8369}.Release|x86.ActiveCfg = Release|Any CPU
		{17471BEE-F0A3-414E-AE88-C9580CAF8369}.Release|x86.Build.0 = Release|Any CPU
		{0960E1D5-5B4B-4492-BC62-EF5CC79115C9}.Debug|Any CPU.ActiveCfg = Debug|Any CPU
		{0960E1D5-5B4B-4492-BC62-EF5CC79115C9}.Debug|Any CPU.Build.0 = Debug|Any CPU
		{0960E1D5-5B4B-4492-BC62-EF5CC79115C9}.Debug|x64.ActiveCfg = Debug|Any CPU
		{0960E1D5-5B4B-4492-BC62-EF5CC79115C9}.Debug|x64.Build.0 = Debug|Any CPU
		{0960E1D5-5B4B-4492-BC62-EF5CC79115C9}.Debug|x86.ActiveCfg = Debug|Any CPU
		{0960E1D5-5B4B-4492-BC62-EF5CC79115C9}.Debug|x86.Build.0 = Debug|Any CPU
		{0960E1D5-5B4B-4492-BC62-EF5CC79115C9}.Release|Any CPU.ActiveCfg = Release|Any CPU
		{0960E1D5-5B4B-4492-BC62-EF5CC79115C9}.Release|Any CPU.Build.0 = Release|Any CPU
		{0960E1D5-5B4B-4492-BC62-EF5CC79115C9}.Release|x64.ActiveCfg = Release|Any CPU
		{0960E1D5-5B4B-4492-BC62-EF5CC79115C9}.Release|x64.Build.0 = Release|Any CPU
		{0960E1D5-5B4B-4492-BC62-EF5CC79115C9}.Release|x86.ActiveCfg = Release|Any CPU
		{0960E1D5-5B4B-4492-BC62-EF5CC79115C9}.Release|x86.Build.0 = Release|Any CPU
	EndGlobalSection
	GlobalSection(SolutionProperties) = preSolution
		HideSolutionNode = FALSE
	EndGlobalSection
	GlobalSection(NestedProjects) = preSolution
		{91C6343D-783C-4160-8686-4C8F69087DB6} = {25813942-B527-42C0-BE53-B77DC073B289}
	EndGlobalSection
	GlobalSection(ExtensibilityGlobals) = postSolution
		SolutionGuid = {65049A1D-BD96-48F1-AFED-A90162D13F85}
	EndGlobalSection
EndGlobal
