
Microsoft Visual Studio Solution File, Format Version 12.00
# Visual Studio Version 16
VisualStudioVersion = 16.0.31129.286
MinimumVisualStudioVersion = 10.0.40219.1
Project("{8BC9CEB8-8B4A-11D0-8D11-00A0C91BC942}") = "vttest", "vttest\vttest.vcxproj", "{0D13BE4B-B31A-426D-A4BE-DFE0526ECEE0}"
EndProject
Project("{8BC9CEB8-8B4A-11D0-8D11-00A0C91BC942}") = "libvt", "libvt\msvc\libvt.vcxproj", "{1B6D921B-2406-43FB-9DE5-6D9CBCA166D5}"
EndProject
Project("{FAE04EC0-301F-11D3-BF4B-00C04F79EFBC}") = "Renci.SshNet", "Renci.SshNet\Renci.SshNet.csproj", "{FAD04A41-2DBB-49EC-A8ED-FBD0DC62D26C}"
EndProject
Project("{FAE04EC0-301F-11D3-BF4B-00C04F79EFBC}") = "ModengTerm.Terminal", "ModengTerm.VideoTerminal\ModengTerm.Terminal.csproj", "{8D8C6C2D-8249-49B8-AA04-72D908836388}"
EndProject
Project("{FAE04EC0-301F-11D3-BF4B-00C04F79EFBC}") = "ModengTerm", "ModengTerm\ModengTerm.csproj", "{6DD46C6E-E3B3-4F5A-BEA0-E03893A1CEE4}"
EndProject
Project("{FAE04EC0-301F-11D3-BF4B-00C04F79EFBC}") = "ModengTerm.Base", "ModengTerm.Base\ModengTerm.Base.csproj", "{F2C5BC95-5839-4C8F-9923-3512FE2DDEA1}"
EndProject
Project("{FAE04EC0-301F-11D3-BF4B-00C04F79EFBC}") = "ModengTerm.ViewModels", "ModengTerm.ViewModel\ModengTerm.ViewModels.csproj", "{66602C53-AD9B-4A9D-9D1D-98F41C5796C7}"
EndProject
Project("{FAE04EC0-301F-11D3-BF4B-00C04F79EFBC}") = "ModengTerm.ServiceAgents", "ModengTerm.ServiceAgent\ModengTerm.ServiceAgents.csproj", "{0BA69759-28CF-4AE5-950A-A7ADF593B85A}"
EndProject
Global
	GlobalSection(SolutionConfigurationPlatforms) = preSolution
		Debug|Any CPU = Debug|Any CPU
		Debug|x64 = Debug|x64
		Debug|x86 = Debug|x86
		Release|Any CPU = Release|Any CPU
		Release|x64 = Release|x64
		Release|x86 = Release|x86
	EndGlobalSection
	GlobalSection(ProjectConfigurationPlatforms) = postSolution
		{0D13BE4B-B31A-426D-A4BE-DFE0526ECEE0}.Debug|Any CPU.ActiveCfg = Debug|Win32
		{0D13BE4B-B31A-426D-A4BE-DFE0526ECEE0}.Debug|x64.ActiveCfg = Debug|x64
		{0D13BE4B-B31A-426D-A4BE-DFE0526ECEE0}.Debug|x64.Build.0 = Debug|x64
		{0D13BE4B-B31A-426D-A4BE-DFE0526ECEE0}.Debug|x86.ActiveCfg = Debug|Win32
		{0D13BE4B-B31A-426D-A4BE-DFE0526ECEE0}.Debug|x86.Build.0 = Debug|Win32
		{0D13BE4B-B31A-426D-A4BE-DFE0526ECEE0}.Release|Any CPU.ActiveCfg = Release|Win32
		{0D13BE4B-B31A-426D-A4BE-DFE0526ECEE0}.Release|x64.ActiveCfg = Release|x64
		{0D13BE4B-B31A-426D-A4BE-DFE0526ECEE0}.Release|x64.Build.0 = Release|x64
		{0D13BE4B-B31A-426D-A4BE-DFE0526ECEE0}.Release|x86.ActiveCfg = Release|Win32
		{0D13BE4B-B31A-426D-A4BE-DFE0526ECEE0}.Release|x86.Build.0 = Release|Win32
		{1B6D921B-2406-43FB-9DE5-6D9CBCA166D5}.Debug|Any CPU.ActiveCfg = Debug|Win32
		{1B6D921B-2406-43FB-9DE5-6D9CBCA166D5}.Debug|x64.ActiveCfg = Debug|x64
		{1B6D921B-2406-43FB-9DE5-6D9CBCA166D5}.Debug|x64.Build.0 = Debug|x64
		{1B6D921B-2406-43FB-9DE5-6D9CBCA166D5}.Debug|x86.ActiveCfg = Debug|Win32
		{1B6D921B-2406-43FB-9DE5-6D9CBCA166D5}.Debug|x86.Build.0 = Debug|Win32
		{1B6D921B-2406-43FB-9DE5-6D9CBCA166D5}.Release|Any CPU.ActiveCfg = Release|Win32
		{1B6D921B-2406-43FB-9DE5-6D9CBCA166D5}.Release|x64.ActiveCfg = Release|x64
		{1B6D921B-2406-43FB-9DE5-6D9CBCA166D5}.Release|x64.Build.0 = Release|x64
		{1B6D921B-2406-43FB-9DE5-6D9CBCA166D5}.Release|x86.ActiveCfg = Release|Win32
		{1B6D921B-2406-43FB-9DE5-6D9CBCA166D5}.Release|x86.Build.0 = Release|Win32
		{FAD04A41-2DBB-49EC-A8ED-FBD0DC62D26C}.Debug|Any CPU.ActiveCfg = Debug|Any CPU
		{FAD04A41-2DBB-49EC-A8ED-FBD0DC62D26C}.Debug|Any CPU.Build.0 = Debug|Any CPU
		{FAD04A41-2DBB-49EC-A8ED-FBD0DC62D26C}.Debug|x64.ActiveCfg = Debug|Any CPU
		{FAD04A41-2DBB-49EC-A8ED-FBD0DC62D26C}.Debug|x64.Build.0 = Debug|Any CPU
		{FAD04A41-2DBB-49EC-A8ED-FBD0DC62D26C}.Debug|x86.ActiveCfg = Debug|Any CPU
		{FAD04A41-2DBB-49EC-A8ED-FBD0DC62D26C}.Debug|x86.Build.0 = Debug|Any CPU
		{FAD04A41-2DBB-49EC-A8ED-FBD0DC62D26C}.Release|Any CPU.ActiveCfg = Release|Any CPU
		{FAD04A41-2DBB-49EC-A8ED-FBD0DC62D26C}.Release|Any CPU.Build.0 = Release|Any CPU
		{FAD04A41-2DBB-49EC-A8ED-FBD0DC62D26C}.Release|x64.ActiveCfg = Release|Any CPU
		{FAD04A41-2DBB-49EC-A8ED-FBD0DC62D26C}.Release|x64.Build.0 = Release|Any CPU
		{FAD04A41-2DBB-49EC-A8ED-FBD0DC62D26C}.Release|x86.ActiveCfg = Release|Any CPU
		{FAD04A41-2DBB-49EC-A8ED-FBD0DC62D26C}.Release|x86.Build.0 = Release|Any CPU
		{8D8C6C2D-8249-49B8-AA04-72D908836388}.Debug|Any CPU.ActiveCfg = Debug|Any CPU
		{8D8C6C2D-8249-49B8-AA04-72D908836388}.Debug|Any CPU.Build.0 = Debug|Any CPU
		{8D8C6C2D-8249-49B8-AA04-72D908836388}.Debug|x64.ActiveCfg = Debug|Any CPU
		{8D8C6C2D-8249-49B8-AA04-72D908836388}.Debug|x64.Build.0 = Debug|Any CPU
		{8D8C6C2D-8249-49B8-AA04-72D908836388}.Debug|x86.ActiveCfg = Debug|Any CPU
		{8D8C6C2D-8249-49B8-AA04-72D908836388}.Debug|x86.Build.0 = Debug|Any CPU
		{8D8C6C2D-8249-49B8-AA04-72D908836388}.Release|Any CPU.ActiveCfg = Release|Any CPU
		{8D8C6C2D-8249-49B8-AA04-72D908836388}.Release|Any CPU.Build.0 = Release|Any CPU
		{8D8C6C2D-8249-49B8-AA04-72D908836388}.Release|x64.ActiveCfg = Release|Any CPU
		{8D8C6C2D-8249-49B8-AA04-72D908836388}.Release|x64.Build.0 = Release|Any CPU
		{8D8C6C2D-8249-49B8-AA04-72D908836388}.Release|x86.ActiveCfg = Release|Any CPU
		{8D8C6C2D-8249-49B8-AA04-72D908836388}.Release|x86.Build.0 = Release|Any CPU
		{6DD46C6E-E3B3-4F5A-BEA0-E03893A1CEE4}.Debug|Any CPU.ActiveCfg = Debug|Any CPU
		{6DD46C6E-E3B3-4F5A-BEA0-E03893A1CEE4}.Debug|Any CPU.Build.0 = Debug|Any CPU
		{6DD46C6E-E3B3-4F5A-BEA0-E03893A1CEE4}.Debug|x64.ActiveCfg = Debug|Any CPU
		{6DD46C6E-E3B3-4F5A-BEA0-E03893A1CEE4}.Debug|x64.Build.0 = Debug|Any CPU
		{6DD46C6E-E3B3-4F5A-BEA0-E03893A1CEE4}.Debug|x86.ActiveCfg = Debug|Any CPU
		{6DD46C6E-E3B3-4F5A-BEA0-E03893A1CEE4}.Debug|x86.Build.0 = Debug|Any CPU
		{6DD46C6E-E3B3-4F5A-BEA0-E03893A1CEE4}.Release|Any CPU.ActiveCfg = Release|Any CPU
		{6DD46C6E-E3B3-4F5A-BEA0-E03893A1CEE4}.Release|Any CPU.Build.0 = Release|Any CPU
		{6DD46C6E-E3B3-4F5A-BEA0-E03893A1CEE4}.Release|x64.ActiveCfg = Release|Any CPU
		{6DD46C6E-E3B3-4F5A-BEA0-E03893A1CEE4}.Release|x64.Build.0 = Release|Any CPU
		{6DD46C6E-E3B3-4F5A-BEA0-E03893A1CEE4}.Release|x86.ActiveCfg = Release|Any CPU
		{6DD46C6E-E3B3-4F5A-BEA0-E03893A1CEE4}.Release|x86.Build.0 = Release|Any CPU
		{F2C5BC95-5839-4C8F-9923-3512FE2DDEA1}.Debug|Any CPU.ActiveCfg = Debug|Any CPU
		{F2C5BC95-5839-4C8F-9923-3512FE2DDEA1}.Debug|Any CPU.Build.0 = Debug|Any CPU
		{F2C5BC95-5839-4C8F-9923-3512FE2DDEA1}.Debug|x64.ActiveCfg = Debug|Any CPU
		{F2C5BC95-5839-4C8F-9923-3512FE2DDEA1}.Debug|x64.Build.0 = Debug|Any CPU
		{F2C5BC95-5839-4C8F-9923-3512FE2DDEA1}.Debug|x86.ActiveCfg = Debug|Any CPU
		{F2C5BC95-5839-4C8F-9923-3512FE2DDEA1}.Debug|x86.Build.0 = Debug|Any CPU
		{F2C5BC95-5839-4C8F-9923-3512FE2DDEA1}.Release|Any CPU.ActiveCfg = Release|Any CPU
		{F2C5BC95-5839-4C8F-9923-3512FE2DDEA1}.Release|Any CPU.Build.0 = Release|Any CPU
		{F2C5BC95-5839-4C8F-9923-3512FE2DDEA1}.Release|x64.ActiveCfg = Release|Any CPU
		{F2C5BC95-5839-4C8F-9923-3512FE2DDEA1}.Release|x64.Build.0 = Release|Any CPU
		{F2C5BC95-5839-4C8F-9923-3512FE2DDEA1}.Release|x86.ActiveCfg = Release|Any CPU
		{F2C5BC95-5839-4C8F-9923-3512FE2DDEA1}.Release|x86.Build.0 = Release|Any CPU
		{66602C53-AD9B-4A9D-9D1D-98F41C5796C7}.Debug|Any CPU.ActiveCfg = Debug|Any CPU
		{66602C53-AD9B-4A9D-9D1D-98F41C5796C7}.Debug|Any CPU.Build.0 = Debug|Any CPU
		{66602C53-AD9B-4A9D-9D1D-98F41C5796C7}.Debug|x64.ActiveCfg = Debug|Any CPU
		{66602C53-AD9B-4A9D-9D1D-98F41C5796C7}.Debug|x64.Build.0 = Debug|Any CPU
		{66602C53-AD9B-4A9D-9D1D-98F41C5796C7}.Debug|x86.ActiveCfg = Debug|Any CPU
		{66602C53-AD9B-4A9D-9D1D-98F41C5796C7}.Debug|x86.Build.0 = Debug|Any CPU
		{66602C53-AD9B-4A9D-9D1D-98F41C5796C7}.Release|Any CPU.ActiveCfg = Release|Any CPU
		{66602C53-AD9B-4A9D-9D1D-98F41C5796C7}.Release|Any CPU.Build.0 = Release|Any CPU
		{66602C53-AD9B-4A9D-9D1D-98F41C5796C7}.Release|x64.ActiveCfg = Release|Any CPU
		{66602C53-AD9B-4A9D-9D1D-98F41C5796C7}.Release|x64.Build.0 = Release|Any CPU
		{66602C53-AD9B-4A9D-9D1D-98F41C5796C7}.Release|x86.ActiveCfg = Release|Any CPU
		{66602C53-AD9B-4A9D-9D1D-98F41C5796C7}.Release|x86.Build.0 = Release|Any CPU
		{0BA69759-28CF-4AE5-950A-A7ADF593B85A}.Debug|Any CPU.ActiveCfg = Debug|Any CPU
		{0BA69759-28CF-4AE5-950A-A7ADF593B85A}.Debug|Any CPU.Build.0 = Debug|Any CPU
		{0BA69759-28CF-4AE5-950A-A7ADF593B85A}.Debug|x64.ActiveCfg = Debug|Any CPU
		{0BA69759-28CF-4AE5-950A-A7ADF593B85A}.Debug|x64.Build.0 = Debug|Any CPU
		{0BA69759-28CF-4AE5-950A-A7ADF593B85A}.Debug|x86.ActiveCfg = Debug|Any CPU
		{0BA69759-28CF-4AE5-950A-A7ADF593B85A}.Debug|x86.Build.0 = Debug|Any CPU
		{0BA69759-28CF-4AE5-950A-A7ADF593B85A}.Release|Any CPU.ActiveCfg = Release|Any CPU
		{0BA69759-28CF-4AE5-950A-A7ADF593B85A}.Release|Any CPU.Build.0 = Release|Any CPU
		{0BA69759-28CF-4AE5-950A-A7ADF593B85A}.Release|x64.ActiveCfg = Release|Any CPU
		{0BA69759-28CF-4AE5-950A-A7ADF593B85A}.Release|x64.Build.0 = Release|Any CPU
		{0BA69759-28CF-4AE5-950A-A7ADF593B85A}.Release|x86.ActiveCfg = Release|Any CPU
		{0BA69759-28CF-4AE5-950A-A7ADF593B85A}.Release|x86.Build.0 = Release|Any CPU
	EndGlobalSection
	GlobalSection(SolutionProperties) = preSolution
		HideSolutionNode = FALSE
	EndGlobalSection
	GlobalSection(ExtensibilityGlobals) = postSolution
		SolutionGuid = {11592695-1380-472D-BF59-7AB77FECB740}
	EndGlobalSection
EndGlobal
