<?xml version="1.0" encoding="utf-8"?>
<Project ToolsVersion="4.0" xmlns="http://schemas.microsoft.com/developer/msbuild/2003">
  <ItemGroup>
    <ClCompile Include="main.c" />
    <ClCompile Include="vtparser.c">
      <Filter>parser</Filter>
    </ClCompile>
  </ItemGroup>
  <ItemGroup>
    <ClInclude Include="vtcore.h" />
    <ClInclude Include="vtparser.h">
      <Filter>parser</Filter>
    </ClInclude>
    <ClInclude Include="VTDocument.h">
      <Filter>document</Filter>
    </ClInclude>
  </ItemGroup>
  <ItemGroup>
    <Filter Include="document">
      <UniqueIdentifier>{4a33dab5-af90-45e9-a262-ab41c4de17e1}</UniqueIdentifier>
    </Filter>
    <Filter Include="parser">
      <UniqueIdentifier>{50f84751-0197-4690-8438-33ae94806b6e}</UniqueIdentifier>
    </Filter>
  </ItemGroup>
</Project>