<?xml version="1.0" encoding="utf-8"?>
<Project ToolsVersion="4.0" xmlns="http://schemas.microsoft.com/developer/msbuild/2003">
  <ItemGroup>
    <Filter Include="document">
      <UniqueIdentifier>{0e57eaaf-1cd8-4514-ad2f-31fa6dd25fd5}</UniqueIdentifier>
    </Filter>
    <Filter Include="parser">
      <UniqueIdentifier>{62272227-8a1a-461f-acff-4c4fe954c22a}</UniqueIdentifier>
    </Filter>
  </ItemGroup>
  <ItemGroup>
    <ClInclude Include="..\source\document\VTCharacter.h">
      <Filter>document</Filter>
    </ClInclude>
    <ClInclude Include="..\source\document\VTColor.h">
      <Filter>document</Filter>
    </ClInclude>
    <ClInclude Include="..\source\document\VTCursor.h">
      <Filter>document</Filter>
    </ClInclude>
    <ClInclude Include="..\source\document\VTDocument.h">
      <Filter>document</Filter>
    </ClInclude>
    <ClInclude Include="..\source\document\VTextLine.h">
      <Filter>document</Filter>
    </ClInclude>
    <ClInclude Include="..\source\document\VTextMetrics.h">
      <Filter>document</Filter>
    </ClInclude>
    <ClInclude Include="..\source\document\VTextSelection.h">
      <Filter>document</Filter>
    </ClInclude>
    <ClInclude Include="..\source\document\VTScrollInfo.h">
      <Filter>document</Filter>
    </ClInclude>
    <ClInclude Include="..\source\document\VTypeface.h">
      <Filter>document</Filter>
    </ClInclude>
    <ClInclude Include="..\source\VTCommon.h" />
    <ClInclude Include="..\source\parser\VTParser.h">
      <Filter>parser</Filter>
    </ClInclude>
    <ClInclude Include="..\source\parser\VTParserStatements.h">
      <Filter>parser</Filter>
    </ClInclude>
  </ItemGroup>
  <ItemGroup>
    <ClCompile Include="..\source\document\VTCursor.c">
      <Filter>document</Filter>
    </ClCompile>
    <ClCompile Include="..\source\document\VTDocument.c">
      <Filter>document</Filter>
    </ClCompile>
    <ClCompile Include="..\source\document\VTextLine.c">
      <Filter>document</Filter>
    </ClCompile>
    <ClCompile Include="..\source\document\VTextSelection.c">
      <Filter>document</Filter>
    </ClCompile>
    <ClCompile Include="..\source\main.c" />
    <ClCompile Include="..\source\document\VTScrollInfo.c">
      <Filter>document</Filter>
    </ClCompile>
    <ClCompile Include="..\source\parser\VTParser.c">
      <Filter>parser</Filter>
    </ClCompile>
  </ItemGroup>
</Project>